
Microsoft Visual Studio Solution File, Format Version 12.00
# Visual Studio Version 17
VisualStudioVersion = 17.1.32210.238
MinimumVisualStudioVersion = 10.0.40219.1
Project("{2150E333-8FDC-42A3-9474-1A3956D46DE8}") = "03-Services", "03-Services", "{828CDAAD-7D5B-4D08-B1C1-C1467603FF0D}"
EndProject
Project("{2150E333-8FDC-42A3-9474-1A3956D46DE8}") = "01-ApiGateway", "01-ApiGateway", "{88A3805B-2314-4D90-86AA-25A9D2612A0F}"
EndProject
Project("{2150E333-8FDC-42A3-9474-1A3956D46DE8}") = "04-Deployment", "04-Deployment", "{B7FEF345-2D2E-4C93-9656-895384DC389F}"
EndProject
Project("{9A19103F-16F7-4668-BE54-9A1E7A4F7556}") = "Identity.Api", "Identity.Api\Identity.Api.csproj", "{D181FA05-34DB-4DA6-8A6E-7ADBB5BAE66C}"
EndProject
Project("{2150E333-8FDC-42A3-9474-1A3956D46DE8}") = "01-Identity", "01-Identity", "{38E36088-B983-4AE2-8554-3BA96E30405C}"
EndProject
Project("{2150E333-8FDC-42A3-9474-1A3956D46DE8}") = "02-Post", "02-Post", "{4D0B310F-8FA2-4867-BCD6-A00A243ADA32}"
EndProject
Project("{9A19103F-16F7-4668-BE54-9A1E7A4F7556}") = "Post.Api", "Post.Api\Post.Api.csproj", "{1A6EB268-AB11-4557-BCBB-62D37925F67A}"
EndProject
Project("{9A19103F-16F7-4668-BE54-9A1E7A4F7556}") = "Post.Application", "Post.Application\Post.Application.csproj", "{EED7DBBA-0961-4829-81BE-26A1596402FC}"
EndProject
Project("{9A19103F-16F7-4668-BE54-9A1E7A4F7556}") = "Post.Domain", "Post.Domain\Post.Domain.csproj", "{3D485B81-FA70-4E84-96CD-6C03783F5144}"
EndProject
Project("{9A19103F-16F7-4668-BE54-9A1E7A4F7556}") = "Post.Infrastructure", "Post.Infrastructure\Post.Infrastructure.csproj", "{CCA6F8AA-F152-4FB8-85AC-C5EAE73A8238}"
EndProject
Project("{9A19103F-16F7-4668-BE54-9A1E7A4F7556}") = "Dfn.ApiGateway", "Dfn.ApiGateway\Dfn.ApiGateway.csproj", "{D72C4B98-0D68-4E25-B51C-E6202DA20467}"
EndProject
Project("{2150E333-8FDC-42A3-9474-1A3956D46DE8}") = "02-Building Blocks", "02-Building Blocks", "{8899301C-5F1D-4AF0-81D4-5D976709B405}"
EndProject
Project("{9A19103F-16F7-4668-BE54-9A1E7A4F7556}") = "Grpc.Protos", "Grpc.Protos\Grpc.Protos.csproj", "{07F54425-82FF-4DB8-8B7C-32DF825BFF77}"
EndProject
Project("{9A19103F-16F7-4668-BE54-9A1E7A4F7556}") = "Identity.Application", "Identity.Application\Identity.Application.csproj", "{E04BF69C-D1D2-45A8-8B4E-4A330FDFF251}"
EndProject
Project("{9A19103F-16F7-4668-BE54-9A1E7A4F7556}") = "Identity.Domain", "Identity.Domain\Identity.Domain.csproj", "{E38E5394-4A8E-48C8-8674-9941A8C71104}"
EndProject
Project("{9A19103F-16F7-4668-BE54-9A1E7A4F7556}") = "Identity.Infrastructure", "Identity.Infrastructure\Identity.Infrastructure.csproj", "{7BC31623-6562-4F40-BBB3-B77A30A5C5BB}"
EndProject
Project("{9A19103F-16F7-4668-BE54-9A1E7A4F7556}") = "Kafka.Connector", "Broker.Kafka\Kafka.Connector.csproj", "{1F2808C7-04B5-4CE2-8B9D-588388407438}"
EndProject
Project("{2150E333-8FDC-42A3-9474-1A3956D46DE8}") = "03-Messenger", "03-Messenger", "{07CFD95B-9436-4BA4-9BD2-23E43D4BDA34}"
EndProject
Project("{9A19103F-16F7-4668-BE54-9A1E7A4F7556}") = "Messenger.Api", "Messenger.Api\Messenger.Api.csproj", "{55250EFD-B1E2-452B-8BE3-2523F296036A}"
EndProject
Project("{9A19103F-16F7-4668-BE54-9A1E7A4F7556}") = "Messenger.Domain", "Messenger.Domain\Messenger.Domain.csproj", "{091AE408-A62A-47C4-9152-FB42A679C001}"
EndProject
Project("{9A19103F-16F7-4668-BE54-9A1E7A4F7556}") = "Messenger.Application", "Messenger.Application\Messenger.Application.csproj", "{FA35E673-BF01-4BAC-8015-E299BB73DF6C}"
EndProject
Project("{9A19103F-16F7-4668-BE54-9A1E7A4F7556}") = "Messenger.Infrastructure", "Messenger.Infrastructure\Messenger.Infrastructure.csproj", "{B7BEDAEB-8F29-495D-931C-CEE36DA73B57}"
EndProject
Global
	GlobalSection(SolutionConfigurationPlatforms) = preSolution
		Debug|Any CPU = Debug|Any CPU
		Release|Any CPU = Release|Any CPU
	EndGlobalSection
	GlobalSection(ProjectConfigurationPlatforms) = postSolution
		{D181FA05-34DB-4DA6-8A6E-7ADBB5BAE66C}.Debug|Any CPU.ActiveCfg = Debug|Any CPU
		{D181FA05-34DB-4DA6-8A6E-7ADBB5BAE66C}.Debug|Any CPU.Build.0 = Debug|Any CPU
		{D181FA05-34DB-4DA6-8A6E-7ADBB5BAE66C}.Release|Any CPU.ActiveCfg = Release|Any CPU
		{D181FA05-34DB-4DA6-8A6E-7ADBB5BAE66C}.Release|Any CPU.Build.0 = Release|Any CPU
		{1A6EB268-AB11-4557-BCBB-62D37925F67A}.Debug|Any CPU.ActiveCfg = Debug|Any CPU
		{1A6EB268-AB11-4557-BCBB-62D37925F67A}.Debug|Any CPU.Build.0 = Debug|Any CPU
		{1A6EB268-AB11-4557-BCBB-62D37925F67A}.Release|Any CPU.ActiveCfg = Release|Any CPU
		{1A6EB268-AB11-4557-BCBB-62D37925F67A}.Release|Any CPU.Build.0 = Release|Any CPU
		{EED7DBBA-0961-4829-81BE-26A1596402FC}.Debug|Any CPU.ActiveCfg = Debug|Any CPU
		{EED7DBBA-0961-4829-81BE-26A1596402FC}.Debug|Any CPU.Build.0 = Debug|Any CPU
		{EED7DBBA-0961-4829-81BE-26A1596402FC}.Release|Any CPU.ActiveCfg = Release|Any CPU
		{EED7DBBA-0961-4829-81BE-26A1596402FC}.Release|Any CPU.Build.0 = Release|Any CPU
		{3D485B81-FA70-4E84-96CD-6C03783F5144}.Debug|Any CPU.ActiveCfg = Debug|Any CPU
		{3D485B81-FA70-4E84-96CD-6C03783F5144}.Debug|Any CPU.Build.0 = Debug|Any CPU
		{3D485B81-FA70-4E84-96CD-6C03783F5144}.Release|Any CPU.ActiveCfg = Release|Any CPU
		{3D485B81-FA70-4E84-96CD-6C03783F5144}.Release|Any CPU.Build.0 = Release|Any CPU
		{CCA6F8AA-F152-4FB8-85AC-C5EAE73A8238}.Debug|Any CPU.ActiveCfg = Debug|Any CPU
		{CCA6F8AA-F152-4FB8-85AC-C5EAE73A8238}.Debug|Any CPU.Build.0 = Debug|Any CPU
		{CCA6F8AA-F152-4FB8-85AC-C5EAE73A8238}.Release|Any CPU.ActiveCfg = Release|Any CPU
		{CCA6F8AA-F152-4FB8-85AC-C5EAE73A8238}.Release|Any CPU.Build.0 = Release|Any CPU
		{D72C4B98-0D68-4E25-B51C-E6202DA20467}.Debug|Any CPU.ActiveCfg = Debug|Any CPU
		{D72C4B98-0D68-4E25-B51C-E6202DA20467}.Debug|Any CPU.Build.0 = Debug|Any CPU
		{D72C4B98-0D68-4E25-B51C-E6202DA20467}.Release|Any CPU.ActiveCfg = Release|Any CPU
		{D72C4B98-0D68-4E25-B51C-E6202DA20467}.Release|Any CPU.Build.0 = Release|Any CPU
		{07F54425-82FF-4DB8-8B7C-32DF825BFF77}.Debug|Any CPU.ActiveCfg = Debug|Any CPU
		{07F54425-82FF-4DB8-8B7C-32DF825BFF77}.Debug|Any CPU.Build.0 = Debug|Any CPU
		{07F54425-82FF-4DB8-8B7C-32DF825BFF77}.Release|Any CPU.ActiveCfg = Release|Any CPU
		{07F54425-82FF-4DB8-8B7C-32DF825BFF77}.Release|Any CPU.Build.0 = Release|Any CPU
		{E04BF69C-D1D2-45A8-8B4E-4A330FDFF251}.Debug|Any CPU.ActiveCfg = Debug|Any CPU
		{E04BF69C-D1D2-45A8-8B4E-4A330FDFF251}.Debug|Any CPU.Build.0 = Debug|Any CPU
		{E04BF69C-D1D2-45A8-8B4E-4A330FDFF251}.Release|Any CPU.ActiveCfg = Release|Any CPU
		{E04BF69C-D1D2-45A8-8B4E-4A330FDFF251}.Release|Any CPU.Build.0 = Release|Any CPU
		{E38E5394-4A8E-48C8-8674-9941A8C71104}.Debug|Any CPU.ActiveCfg = Debug|Any CPU
		{E38E5394-4A8E-48C8-8674-9941A8C71104}.Debug|Any CPU.Build.0 = Debug|Any CPU
		{E38E5394-4A8E-48C8-8674-9941A8C71104}.Release|Any CPU.ActiveCfg = Release|Any CPU
		{E38E5394-4A8E-48C8-8674-9941A8C71104}.Release|Any CPU.Build.0 = Release|Any CPU
		{7BC31623-6562-4F40-BBB3-B77A30A5C5BB}.Debug|Any CPU.ActiveCfg = Debug|Any CPU
		{7BC31623-6562-4F40-BBB3-B77A30A5C5BB}.Debug|Any CPU.Build.0 = Debug|Any CPU
		{7BC31623-6562-4F40-BBB3-B77A30A5C5BB}.Release|Any CPU.ActiveCfg = Release|Any CPU
		{7BC31623-6562-4F40-BBB3-B77A30A5C5BB}.Release|Any CPU.Build.0 = Release|Any CPU
		{1F2808C7-04B5-4CE2-8B9D-588388407438}.Debug|Any CPU.ActiveCfg = Debug|Any CPU
		{1F2808C7-04B5-4CE2-8B9D-588388407438}.Debug|Any CPU.Build.0 = Debug|Any CPU
		{1F2808C7-04B5-4CE2-8B9D-588388407438}.Release|Any CPU.ActiveCfg = Release|Any CPU
		{1F2808C7-04B5-4CE2-8B9D-588388407438}.Release|Any CPU.Build.0 = Release|Any CPU
		{55250EFD-B1E2-452B-8BE3-2523F296036A}.Debug|Any CPU.ActiveCfg = Debug|Any CPU
		{55250EFD-B1E2-452B-8BE3-2523F296036A}.Debug|Any CPU.Build.0 = Debug|Any CPU
		{55250EFD-B1E2-452B-8BE3-2523F296036A}.Release|Any CPU.ActiveCfg = Release|Any CPU
		{55250EFD-B1E2-452B-8BE3-2523F296036A}.Release|Any CPU.Build.0 = Release|Any CPU
		{091AE408-A62A-47C4-9152-FB42A679C001}.Debug|Any CPU.ActiveCfg = Debug|Any CPU
		{091AE408-A62A-47C4-9152-FB42A679C001}.Debug|Any CPU.Build.0 = Debug|Any CPU
		{091AE408-A62A-47C4-9152-FB42A679C001}.Release|Any CPU.ActiveCfg = Release|Any CPU
		{091AE408-A62A-47C4-9152-FB42A679C001}.Release|Any CPU.Build.0 = Release|Any CPU
		{FA35E673-BF01-4BAC-8015-E299BB73DF6C}.Debug|Any CPU.ActiveCfg = Debug|Any CPU
		{FA35E673-BF01-4BAC-8015-E299BB73DF6C}.Debug|Any CPU.Build.0 = Debug|Any CPU
		{FA35E673-BF01-4BAC-8015-E299BB73DF6C}.Release|Any CPU.ActiveCfg = Release|Any CPU
		{FA35E673-BF01-4BAC-8015-E299BB73DF6C}.Release|Any CPU.Build.0 = Release|Any CPU
		{B7BEDAEB-8F29-495D-931C-CEE36DA73B57}.Debug|Any CPU.ActiveCfg = Debug|Any CPU
		{B7BEDAEB-8F29-495D-931C-CEE36DA73B57}.Debug|Any CPU.Build.0 = Debug|Any CPU
		{B7BEDAEB-8F29-495D-931C-CEE36DA73B57}.Release|Any CPU.ActiveCfg = Release|Any CPU
		{B7BEDAEB-8F29-495D-931C-CEE36DA73B57}.Release|Any CPU.Build.0 = Release|Any CPU
	EndGlobalSection
	GlobalSection(SolutionProperties) = preSolution
		HideSolutionNode = FALSE
	EndGlobalSection
	GlobalSection(NestedProjects) = preSolution
		{D181FA05-34DB-4DA6-8A6E-7ADBB5BAE66C} = {38E36088-B983-4AE2-8554-3BA96E30405C}
		{38E36088-B983-4AE2-8554-3BA96E30405C} = {828CDAAD-7D5B-4D08-B1C1-C1467603FF0D}
		{4D0B310F-8FA2-4867-BCD6-A00A243ADA32} = {828CDAAD-7D5B-4D08-B1C1-C1467603FF0D}
		{1A6EB268-AB11-4557-BCBB-62D37925F67A} = {4D0B310F-8FA2-4867-BCD6-A00A243ADA32}
		{EED7DBBA-0961-4829-81BE-26A1596402FC} = {4D0B310F-8FA2-4867-BCD6-A00A243ADA32}
		{3D485B81-FA70-4E84-96CD-6C03783F5144} = {4D0B310F-8FA2-4867-BCD6-A00A243ADA32}
		{CCA6F8AA-F152-4FB8-85AC-C5EAE73A8238} = {4D0B310F-8FA2-4867-BCD6-A00A243ADA32}
		{D72C4B98-0D68-4E25-B51C-E6202DA20467} = {88A3805B-2314-4D90-86AA-25A9D2612A0F}
		{07F54425-82FF-4DB8-8B7C-32DF825BFF77} = {8899301C-5F1D-4AF0-81D4-5D976709B405}
		{E04BF69C-D1D2-45A8-8B4E-4A330FDFF251} = {38E36088-B983-4AE2-8554-3BA96E30405C}
		{E38E5394-4A8E-48C8-8674-9941A8C71104} = {38E36088-B983-4AE2-8554-3BA96E30405C}
		{7BC31623-6562-4F40-BBB3-B77A30A5C5BB} = {38E36088-B983-4AE2-8554-3BA96E30405C}
		{1F2808C7-04B5-4CE2-8B9D-588388407438} = {8899301C-5F1D-4AF0-81D4-5D976709B405}
		{07CFD95B-9436-4BA4-9BD2-23E43D4BDA34} = {828CDAAD-7D5B-4D08-B1C1-C1467603FF0D}
		{55250EFD-B1E2-452B-8BE3-2523F296036A} = {07CFD95B-9436-4BA4-9BD2-23E43D4BDA34}
		{091AE408-A62A-47C4-9152-FB42A679C001} = {07CFD95B-9436-4BA4-9BD2-23E43D4BDA34}
		{FA35E673-BF01-4BAC-8015-E299BB73DF6C} = {07CFD95B-9436-4BA4-9BD2-23E43D4BDA34}
		{B7BEDAEB-8F29-495D-931C-CEE36DA73B57} = {07CFD95B-9436-4BA4-9BD2-23E43D4BDA34}
	EndGlobalSection
	GlobalSection(ExtensibilityGlobals) = postSolution
		SolutionGuid = {6160BCE9-65B2-4183-A923-2789777BEA99}
	EndGlobalSection
EndGlobal
